
Microsoft Visual Studio Solution File, Format Version 12.00
# Visual Studio Version 17
VisualStudioVersion = 17.4.33110.190
MinimumVisualStudioVersion = 10.0.40219.1
Project("{9A19103F-16F7-4668-BE54-9A1E7A4F7556}") = "Electrostore", "tienda_instrumentos\Electrostore.csproj", "{5E36C53E-D8F8-4EA4-B2AC-011F71F37B37}"
	ProjectSection(ProjectDependencies) = postProject
		{A506FD9E-9A13-4C77-A69D-4CB69CDD49F4} = {A506FD9E-9A13-4C77-A69D-4CB69CDD49F4}
		{BA6B6A36-9197-4BDB-8CA8-683DDEB5C8D6} = {BA6B6A36-9197-4BDB-8CA8-683DDEB5C8D6}
	EndProjectSection
EndProject
Project("{FAE04EC0-301F-11D3-BF4B-00C04F79EFBC}") = "Negocio", "Negocio\Negocio.csproj", "{A506FD9E-9A13-4C77-A69D-4CB69CDD49F4}"
	ProjectSection(ProjectDependencies) = postProject
		{18599B2E-5747-44FA-B548-4F98963B3332} = {18599B2E-5747-44FA-B548-4F98963B3332}
	EndProjectSection
EndProject
Project("{FAE04EC0-301F-11D3-BF4B-00C04F79EFBC}") = "DataAccess", "DataAccess\DataAccess.csproj", "{18599B2E-5747-44FA-B548-4F98963B3332}"
EndProject
Project("{FAE04EC0-301F-11D3-BF4B-00C04F79EFBC}") = "Entidad", "Entidad\Entidad.csproj", "{BA6B6A36-9197-4BDB-8CA8-683DDEB5C8D6}"
EndProject
Global
	GlobalSection(SolutionConfigurationPlatforms) = preSolution
		Debug|Any CPU = Debug|Any CPU
		Release|Any CPU = Release|Any CPU
	EndGlobalSection
	GlobalSection(ProjectConfigurationPlatforms) = postSolution
		{5E36C53E-D8F8-4EA4-B2AC-011F71F37B37}.Debug|Any CPU.ActiveCfg = Debug|Any CPU
		{5E36C53E-D8F8-4EA4-B2AC-011F71F37B37}.Debug|Any CPU.Build.0 = Debug|Any CPU
		{5E36C53E-D8F8-4EA4-B2AC-011F71F37B37}.Release|Any CPU.ActiveCfg = Release|Any CPU
		{5E36C53E-D8F8-4EA4-B2AC-011F71F37B37}.Release|Any CPU.Build.0 = Release|Any CPU
		{A506FD9E-9A13-4C77-A69D-4CB69CDD49F4}.Debug|Any CPU.ActiveCfg = Debug|Any CPU
		{A506FD9E-9A13-4C77-A69D-4CB69CDD49F4}.Debug|Any CPU.Build.0 = Debug|Any CPU
		{A506FD9E-9A13-4C77-A69D-4CB69CDD49F4}.Release|Any CPU.ActiveCfg = Release|Any CPU
		{A506FD9E-9A13-4C77-A69D-4CB69CDD49F4}.Release|Any CPU.Build.0 = Release|Any CPU
		{18599B2E-5747-44FA-B548-4F98963B3332}.Debug|Any CPU.ActiveCfg = Debug|Any CPU
		{18599B2E-5747-44FA-B548-4F98963B3332}.Debug|Any CPU.Build.0 = Debug|Any CPU
		{18599B2E-5747-44FA-B548-4F98963B3332}.Release|Any CPU.ActiveCfg = Release|Any CPU
		{18599B2E-5747-44FA-B548-4F98963B3332}.Release|Any CPU.Build.0 = Release|Any CPU
		{BA6B6A36-9197-4BDB-8CA8-683DDEB5C8D6}.Debug|Any CPU.ActiveCfg = Debug|Any CPU
		{BA6B6A36-9197-4BDB-8CA8-683DDEB5C8D6}.Debug|Any CPU.Build.0 = Debug|Any CPU
		{BA6B6A36-9197-4BDB-8CA8-683DDEB5C8D6}.Release|Any CPU.ActiveCfg = Release|Any CPU
		{BA6B6A36-9197-4BDB-8CA8-683DDEB5C8D6}.Release|Any CPU.Build.0 = Release|Any CPU
	EndGlobalSection
	GlobalSection(SolutionProperties) = preSolution
		HideSolutionNode = FALSE
	EndGlobalSection
	GlobalSection(ExtensibilityGlobals) = postSolution
		SolutionGuid = {9EB3DA26-172C-4BC6-B2F0-5CF7C68F104F}
	EndGlobalSection
EndGlobal
